Microsoft Visual Studio Solution File, Format Version 9.00
# Visual C++ Express 2005
Project("{8BC9CEB8-8B4A-11D0-8D11-00A0C91BC942}") = "RtfReader", "RtfReader.vcproj", "{628B05A7-D1B7-4570-BB51-119F9C30BABB}"
EndProject
Global
	GlobalSection(SolutionConfigurationPlatforms) = preSolution
		Debug|Win32 = Debug|Win32
		Release|Win32 = Release|Win32
	EndGlobalSection
	GlobalSection(ProjectConfigurationPlatforms) = postSolution
		{628B05A7-D1B7-4570-BB51-119F9C30BABB}.Debug|Win32.ActiveCfg = Debug|Win32
		{628B05A7-D1B7-4570-BB51-119F9C30BABB}.Debug|Win32.Build.0 = Debug|Win32
		{628B05A7-D1B7-4570-BB51-119F9C30BABB}.Release|Win32.ActiveCfg = Release|Win32
		{628B05A7-D1B7-4570-BB51-119F9C30BABB}.Release|Win32.Build.0 = Release|Win32
	EndGlobalSection
	GlobalSection(SolutionProperties) = preSolution
		HideSolutionNode = FALSE
	EndGlobalSection
EndGlobal
